// !$*UTF8*$!
{
	archiveVersion = 1;
	classes = {
	};
	objectVersion = 46;
	objects = {

/* Begin PBXBuildFile section */
		633311B71D06105600D7CFDE /* AppDelegate.swift in Sources */ = {isa = PBXBuildFile; fileRef = 633311B61D06105600D7CFDE /* AppDelegate.swift */; };
		633311B91D06105600D7CFDE /* ViewController.swift in Sources */ = {isa = PBXBuildFile; fileRef = 633311B81D06105600D7CFDE /* ViewController.swift */; };
		633311BF1D06105600D7CFDE /* BeFriend.xcdatamodeld in Sources */ = {isa = PBXBuildFile; fileRef = 633311BD1D06105600D7CFDE /* BeFriend.xcdatamodeld */; };
		633311C11D06105600D7CFDE /* Assets.xcassets in Resources */ = {isa = PBXBuildFile; fileRef = 633311C01D06105600D7CFDE /* Assets.xcassets */; };
		633311C41D06105600D7CFDE /* LaunchScreen.storyboard in Resources */ = {isa = PBXBuildFile; fileRef = 633311C21D06105600D7CFDE /* LaunchScreen.storyboard */; };
		633311CF1D06105600D7CFDE /* BeFriendTests.swift in Sources */ = {isa = PBXBuildFile; fileRef = 633311CE1D06105600D7CFDE /* BeFriendTests.swift */; };
		633311DA1D06105600D7CFDE /* BeFriendUITests.swift in Sources */ = {isa = PBXBuildFile; fileRef = 633311D91D06105600D7CFDE /* BeFriendUITests.swift */; };
		6358874C1D061FDB002591DA /* Main.storyboard in Resources */ = {isa = PBXBuildFile; fileRef = 6358874A1D061FDB002591DA /* Main.storyboard */; };
		639594661D0767360041DCCA /* SignInViewController.swift in Sources */ = {isa = PBXBuildFile; fileRef = 639594651D0767360041DCCA /* SignInViewController.swift */; };
		639F32B01D076BD900D32E8C /* SignUpViewController.swift in Sources */ = {isa = PBXBuildFile; fileRef = 639F32AF1D076BD900D32E8C /* SignUpViewController.swift */; };
/* End PBXBuildFile section */

/* Begin PBXContainerItemProxy section */
		633311CB1D06105600D7CFDE /* PBXContainerItemProxy */ = {
			isa = PBXContainerItemProxy;
			containerPortal = 633311AB1D06105600D7CFDE /* Project object */;
			proxyType = 1;
			remoteGlobalIDString = 633311B21D06105600D7CFDE;
			remoteInfo = BeFriend;
		};
		633311D61D06105600D7CFDE /* PBXContainerItemProxy */ = {
			isa = PBXContainerItemProxy;
			containerPortal = 633311AB1D06105600D7CFDE /* Project object */;
			proxyType = 1;
			remoteGlobalIDString = 633311B21D06105600D7CFDE;
			remoteInfo = BeFriend;
		};
/* End PBXContainerItemProxy section */

/* Begin PBXFileReference section */
		633311B31D06105600D7CFDE /* BeFriend.app */ = {isa = PBXFileReference; explicitFileType = wrapper.application; includeInIndex = 0; path = BeFriend.app; sourceTree = BUILT_PRODUCTS_DIR; };
		633311B61D06105600D7CFDE /* AppDelegate.swift */ = {isa = PBXFileReference; lastKnownFileType = sourcecode.swift; path = AppDelegate.swift; sourceTree = "<group>"; };
		633311B81D06105600D7CFDE /* ViewController.swift */ = {isa = PBXFileReference; lastKnownFileType = sourcecode.swift; path = ViewController.swift; sourceTree = "<group>"; };
		633311BE1D06105600D7CFDE /* BeFriend.xcdatamodel */ = {isa = PBXFileReference; lastKnownFileType = wrapper.xcdatamodel; path = BeFriend.xcdatamodel; sourceTree = "<group>"; };
		633311C01D06105600D7CFDE /* Assets.xcassets */ = {isa = PBXFileReference; lastKnownFileType = folder.assetcatalog; path = Assets.xcassets; sourceTree = "<group>"; };
		633311C31D06105600D7CFDE /* Base */ = {isa = PBXFileReference; lastKnownFileType = file.storyboard; name = Base; path = Base.lproj/LaunchScreen.storyboard; sourceTree = "<group>"; };
		633311C51D06105600D7CFDE /* Info.plist */ = {isa = PBXFileReference; lastKnownFileType = text.plist.xml; path = Info.plist; sourceTree = "<group>"; };
		633311CA1D06105600D7CFDE /* BeFriendTests.xctest */ = {isa = PBXFileReference; explicitFileType = wrapper.cfbundle; includeInIndex = 0; path = BeFriendTests.xctest; sourceTree = BUILT_PRODUCTS_DIR; };
		633311CE1D06105600D7CFDE /* BeFriendTests.swift */ = {isa = PBXFileReference; lastKnownFileType = sourcecode.swift; path = BeFriendTests.swift; sourceTree = "<group>"; };
		633311D01D06105600D7CFDE /* Info.plist */ = {isa = PBXFileReference; lastKnownFileType = text.plist.xml; path = Info.plist; sourceTree = "<group>"; };
		633311D51D06105600D7CFDE /* BeFriendUITests.xctest */ = {isa = PBXFileReference; explicitFileType = wrapper.cfbundle; includeInIndex = 0; path = BeFriendUITests.xctest; sourceTree = BUILT_PRODUCTS_DIR; };
		633311D91D06105600D7CFDE /* BeFriendUITests.swift */ = {isa = PBXFileReference; lastKnownFileType = sourcecode.swift; path = BeFriendUITests.swift; sourceTree = "<group>"; };
		633311DB1D06105600D7CFDE /* Info.plist */ = {isa = PBXFileReference; lastKnownFileType = text.plist.xml; path = Info.plist; sourceTree = "<group>"; };
		6358874B1D061FDB002591DA /* Base */ = {isa = PBXFileReference; lastKnownFileType = file.storyboard; name = Base; path = Base.lproj/Main.storyboard; sourceTree = "<group>"; };
		639594651D0767360041DCCA /* SignInViewController.swift */ = {isa = PBXFileReference; fileEncoding = 4; lastKnownFileType = sourcecode.swift; path = SignInViewController.swift; sourceTree = "<group>"; };
		639F32AF1D076BD900D32E8C /* SignUpViewController.swift */ = {isa = PBXFileReference; fileEncoding = 4; lastKnownFileType = sourcecode.swift; path = SignUpViewController.swift; sourceTree = "<group>"; };
/* End PBXFileReference section */

/* Begin PBXFrameworksBuildPhase section */
		633311B01D06105600D7CFDE /* Frameworks */ = {
			isa = PBXFrameworksBuildPhase;
			buildActionMask = 2147483647;
			files = (
			);
			runOnlyForDeploymentPostprocessing = 0;
		};
		633311C71D06105600D7CFDE /* Frameworks */ = {
			isa = PBXFrameworksBuildPhase;
			buildActionMask = 2147483647;
			files = (
			);
			runOnlyForDeploymentPostprocessing = 0;
		};
		633311D21D06105600D7CFDE /* Frameworks */ = {
			isa = PBXFrameworksBuildPhase;
			buildActionMask = 2147483647;
			files = (
			);
			runOnlyForDeploymentPostprocessing = 0;
		};
/* End PBXFrameworksBuildPhase section */

/* Begin PBXGroup section */
		633311AA1D06105600D7CFDE = {
			isa = PBXGroup;
			children = (
				633311B51D06105600D7CFDE /* BeFriend */,
				633311CD1D06105600D7CFDE /* BeFriendTests */,
				633311D81D06105600D7CFDE /* BeFriendUITests */,
				633311B41D06105600D7CFDE /* Products */,
			);
			sourceTree = "<group>";
		};
		633311B41D06105600D7CFDE /* Products */ = {
			isa = PBXGroup;
			children = (
				633311B31D06105600D7CFDE /* BeFriend.app */,
				633311CA1D06105600D7CFDE /* BeFriendTests.xctest */,
				633311D51D06105600D7CFDE /* BeFriendUITests.xctest */,
			);
			name = Products;
			sourceTree = "<group>";
		};
		633311B51D06105600D7CFDE /* BeFriend */ = {
			isa = PBXGroup;
			children = (
				633311B61D06105600D7CFDE /* AppDelegate.swift */,
				633311B81D06105600D7CFDE /* ViewController.swift */,
				639594651D0767360041DCCA /* SignInViewController.swift */,
				639F32AF1D076BD900D32E8C /* SignUpViewController.swift */,
				6358874A1D061FDB002591DA /* Main.storyboard */,
				633311C01D06105600D7CFDE /* Assets.xcassets */,
				633311C21D06105600D7CFDE /* LaunchScreen.storyboard */,
				633311C51D06105600D7CFDE /* Info.plist */,
				633311BD1D06105600D7CFDE /* BeFriend.xcdatamodeld */,
			);
			path = BeFriend;
			sourceTree = "<group>";
		};
		633311CD1D06105600D7CFDE /* BeFriendTests */ = {
			isa = PBXGroup;
			children = (
				633311CE1D06105600D7CFDE /* BeFriendTests.swift */,
				633311D01D06105600D7CFDE /* Info.plist */,
			);
			path = BeFriendTests;
			sourceTree = "<group>";
		};
		633311D81D06105600D7CFDE /* BeFriendUITests */ = {
			isa = PBXGroup;
			children = (
				633311D91D06105600D7CFDE /* BeFriendUITests.swift */,
				633311DB1D06105600D7CFDE /* Info.plist */,
			);
			path = BeFriendUITests;
			sourceTree = "<group>";
		};
/* End PBXGroup section */

/* Begin PBXNativeTarget section */
		633311B21D06105600D7CFDE /* BeFriend */ = {
			isa = PBXNativeTarget;
			buildConfigurationList = 633311DE1D06105600D7CFDE /* Build configuration list for PBXNativeTarget "BeFriend" */;
			buildPhases = (
				633311AF1D06105600D7CFDE /* Sources */,
				633311B01D06105600D7CFDE /* Frameworks */,
				633311B11D06105600D7CFDE /* Resources */,
			);
			buildRules = (
			);
			dependencies = (
			);
			name = BeFriend;
			productName = BeFriend;
			productReference = 633311B31D06105600D7CFDE /* BeFriend.app */;
			productType = "com.apple.product-type.application";
		};
		633311C91D06105600D7CFDE /* BeFriendTests */ = {
			isa = PBXNativeTarget;
			buildConfigurationList = 633311E11D06105600D7CFDE /* Build configuration list for PBXNativeTarget "BeFriendTests" */;
			buildPhases = (
				633311C61D06105600D7CFDE /* Sources */,
				633311C71D06105600D7CFDE /* Frameworks */,
				633311C81D06105600D7CFDE /* Resources */,
			);
			buildRules = (
			);
			dependencies = (
				633311CC1D06105600D7CFDE /* PBXTargetDependency */,
			);
			name = BeFriendTests;
			productName = BeFriendTests;
			productReference = 633311CA1D06105600D7CFDE /* BeFriendTests.xctest */;
			productType = "com.apple.product-type.bundle.unit-test";
		};
		633311D41D06105600D7CFDE /* BeFriendUITests */ = {
			isa = PBXNativeTarget;
			buildConfigurationList = 633311E41D06105600D7CFDE /* Build configuration list for PBXNativeTarget "BeFriendUITests" */;
			buildPhases = (
				633311D11D06105600D7CFDE /* Sources */,
				633311D21D06105600D7CFDE /* Frameworks */,
				633311D31D06105600D7CFDE /* Resources */,
			);
			buildRules = (
			);
			dependencies = (
				633311D71D06105600D7CFDE /* PBXTargetDependency */,
			);
			name = BeFriendUITests;
			productName = BeFriendUITests;
			productReference = 633311D51D06105600D7CFDE /* BeFriendUITests.xctest */;
			productType = "com.apple.product-type.bundle.ui-testing";
		};
/* End PBXNativeTarget section */

/* Begin PBXProject section */
		633311AB1D06105600D7CFDE /* Project object */ = {
			isa = PBXProject;
			attributes = {
				LastSwiftUpdateCheck = 0730;
				LastUpgradeCheck = 0730;
				ORGANIZATIONNAME = "David Yoo";
				TargetAttributes = {
					633311B21D06105600D7CFDE = {
						CreatedOnToolsVersion = 7.3.1;
						DevelopmentTeam = 6U56XV979U;
					};
					633311C91D06105600D7CFDE = {
						CreatedOnToolsVersion = 7.3.1;
						DevelopmentTeam = 6U56XV979U;
						TestTargetID = 633311B21D06105600D7CFDE;
					};
					633311D41D06105600D7CFDE = {
						CreatedOnToolsVersion = 7.3.1;
						DevelopmentTeam = 6U56XV979U;
						TestTargetID = 633311B21D06105600D7CFDE;
					};
				};
			};
			buildConfigurationList = 633311AE1D06105600D7CFDE /* Build configuration list for PBXProject "BeFriend" */;
			compatibilityVersion = "Xcode 3.2";
			developmentRegion = English;
			hasScannedForEncodings = 0;
			knownRegions = (
				en,
				Base,
			);
			mainGroup = 633311AA1D06105600D7CFDE;
			productRefGroup = 633311B41D06105600D7CFDE /* Products */;
			projectDirPath = "";
			projectRoot = "";
			targets = (
				633311B21D06105600D7CFDE /* BeFriend */,
				633311C91D06105600D7CFDE /* BeFriendTests */,
				633311D41D06105600D7CFDE /* BeFriendUITests */,
			);
		};
/* End PBXProject section */

/* Begin PBXResourcesBuildPhase section */
		633311B11D06105600D7CFDE /* Resources */ = {
			isa = PBXResourcesBuildPhase;
			buildActionMask = 2147483647;
			files = (
				6358874C1D061FDB002591DA /* Main.storyboard in Resources */,
				633311C41D06105600D7CFDE /* LaunchScreen.storyboard in Resources */,
				633311C11D06105600D7CFDE /* Assets.xcassets in Resources */,
			);
			runOnlyForDeploymentPostprocessing = 0;
		};
		633311C81D06105600D7CFDE /* Resources */ = {
			isa = PBXResourcesBuildPhase;
			buildActionMask = 2147483647;
			files = (
			);
			runOnlyForDeploymentPostprocessing = 0;
		};
		633311D31D06105600D7CFDE /* Resources */ = {
			isa = PBXResourcesBuildPhase;
			buildActionMask = 2147483647;
			files = (
			);
			runOnlyForDeploymentPostprocessing = 0;
		};
/* End PBXResourcesBuildPhase section */

/* Begin PBXSourcesBuildPhase section */
		633311AF1D06105600D7CFDE /* Sources */ = {
			isa = PBXSourcesBuildPhase;
			buildActionMask = 2147483647;
			files = (
				639594661D0767360041DCCA /* SignInViewController.swift in Sources */,
				633311B91D06105600D7CFDE /* ViewController.swift in Sources */,
				633311BF1D06105600D7CFDE /* BeFriend.xcdatamodeld in Sources */,
				633311B71D06105600D7CFDE /* AppDelegate.swift in Sources */,
				639F32B01D076BD900D32E8C /* SignUpViewController.swift in Sources */,
			);
			runOnlyForDeploymentPostprocessing = 0;
		};
		633311C61D06105600D7CFDE /* Sources */ = {
			isa = PBXSourcesBuildPhase;
			buildActionMask = 2147483647;
			files = (
				633311CF1D06105600D7CFDE /* BeFriendTests.swift in Sources */,
			);
			runOnlyForDeploymentPostprocessing = 0;
		};
		633311D11D06105600D7CFDE /* Sources */ = {
			isa = PBXSourcesBuildPhase;
			buildActionMask = 2147483647;
			files = (
				633311DA1D06105600D7CFDE /* BeFriendUITests.swift in Sources */,
			);
			runOnlyForDeploymentPostprocessing = 0;
		};
/* End PBXSourcesBuildPhase section */

/* Begin PBXTargetDependency section */
		633311CC1D06105600D7CFDE /* PBXTargetDependency */ = {
			isa = PBXTargetDependency;
			target = 633311B21D06105600D7CFDE /* BeFriend */;
			targetProxy = 633311CB1D06105600D7CFDE /* PBXContainerItemProxy */;
		};
		633311D71D06105600D7CFDE /* PBXTargetDependency */ = {
			isa = PBXTargetDependency;
			target = 633311B21D06105600D7CFDE /* BeFriend */;
			targetProxy = 633311D61D06105600D7CFDE /* PBXContainerItemProxy */;
		};
/* End PBXTargetDependency section */

/* Begin PBXVariantGroup section */
		633311C21D06105600D7CFDE /* LaunchScreen.storyboard */ = {
			isa = PBXVariantGroup;
			children = (
				633311C31D06105600D7CFDE /* Base */,
			);
			name = LaunchScreen.storyboard;
			sourceTree = "<group>";
		};
		6358874A1D061FDB002591DA /* Main.storyboard */ = {
			isa = PBXVariantGroup;
			children = (
				6358874B1D061FDB002591DA /* Base */,
			);
			name = Main.storyboard;
			sourceTree = "<group>";
		};
/* End PBXVariantGroup section */

/* Begin XCBuildConfiguration section */
		633311DC1D06105600D7CFDE /* Debug */ = {
			isa = XCBuildConfiguration;
			buildSettings = {
				ALWAYS_SEARCH_USER_PATHS = NO;
				CLANG_ANALYZER_NONNULL = YES;
				CLANG_CXX_LANGUAGE_STANDARD = "gnu++0x";
				CLANG_CXX_LIBRARY = "libc++";
				CLANG_ENABLE_MODULES = YES;
				CLANG_ENABLE_OBJC_ARC = YES;
				CLANG_WARN_BOOL_CONVERSION = YES;
				CLANG_WARN_CONSTANT_CONVERSION = YES;
				CLANG_WARN_DIRECT_OBJC_ISA_USAGE = YES_ERROR;
				CLANG_WARN_EMPTY_BODY = YES;
				CLANG_WARN_ENUM_CONVERSION = YES;
				CLANG_WARN_INT_CONVERSION = YES;
				CLANG_WARN_OBJC_ROOT_CLASS = YES_ERROR;
				CLANG_WARN_UNREACHABLE_CODE = YES;
				CLANG_WARN__DUPLICATE_METHOD_MATCH = YES;
				"CODE_SIGN_IDENTITY[sdk=iphoneos*]" = "iPhone Developer";
				COPY_PHASE_STRIP = NO;
				DEBUG_INFORMATION_FORMAT = dwarf;
				ENABLE_STRICT_OBJC_MSGSEND = YES;
				ENABLE_TESTABILITY = YES;
				GCC_C_LANGUAGE_STANDARD = gnu99;
				GCC_DYNAMIC_NO_PIC = NO;
				GCC_NO_COMMON_BLOCKS = YES;
				GCC_OPTIMIZATION_LEVEL = 0;
				GCC_PREPROCESSOR_DEFINITIONS = (
					"DEBUG=1",
					"$(inherited)",
				);
				GCC_WARN_64_TO_32_BIT_CONVERSION = YES;
				GCC_WARN_ABOUT_RETURN_TYPE = YES_ERROR;
				GCC_WARN_UNDECLARED_SELECTOR = YES;
				GCC_WARN_UNINITIALIZED_AUTOS = YES_AGGRESSIVE;
				GCC_WARN_UNUSED_FUNCTION = YES;
				GCC_WARN_UNUSED_VARIABLE = YES;
				IPHONEOS_DEPLOYMENT_TARGET = 9.3;
				MTL_ENABLE_DEBUG_INFO = YES;
				ONLY_ACTIVE_ARCH = YES;
				SDKROOT = iphoneos;
				SWIFT_OPTIMIZATION_LEVEL = "-Onone";
			};
			name = Debug;
		};
		633311DD1D06105600D7CFDE /* Release */ = {
			isa = XCBuildConfiguration;
			buildSettings = {
				ALWAYS_SEARCH_USER_PATHS = NO;
				CLANG_ANALYZER_NONNULL = YES;
				CLANG_CXX_LANGUAGE_STANDARD = "gnu++0x";
				CLANG_CXX_LIBRARY = "libc++";
				CLANG_ENABLE_MODULES = YES;
				CLANG_ENABLE_OBJC_ARC = YES;
				CLANG_WARN_BOOL_CONVERSION = YES;
				CLANG_WARN_CONSTANT_CONVERSION = YES;
				CLANG_WARN_DIRECT_OBJC_ISA_USAGE = YES_ERROR;
				CLANG_WARN_EMPTY_BODY = YES;
				CLANG_WARN_ENUM_CONVERSION = YES;
				CLANG_WARN_INT_CONVERSION = YES;
				CLANG_WARN_OBJC_ROOT_CLASS = YES_ERROR;
				CLANG_WARN_UNREACHABLE_CODE = YES;
				CLANG_WARN__DUPLICATE_METHOD_MATCH = YES;
				"CODE_SIGN_IDENTITY[sdk=iphoneos*]" = "iPhone Developer";
				COPY_PHASE_STRIP = NO;
				DEBUG_INFORMATION_FORMAT = "dwarf-with-dsym";
				ENABLE_NS_ASSERTIONS = NO;
				ENABLE_STRICT_OBJC_MSGSEND = YES;
				GCC_C_LANGUAGE_STANDARD = gnu99;
				GCC_NO_COMMON_BLOCKS = YES;
				GCC_WARN_64_TO_32_BIT_CONVERSION = YES;
				GCC_WARN_ABOUT_RETURN_TYPE = YES_ERROR;
				GCC_WARN_UNDECLARED_SELECTOR = YES;
				GCC_WARN_UNINITIALIZED_AUTOS = YES_AGGRESSIVE;
				GCC_WARN_UNUSED_FUNCTION = YES;
				GCC_WARN_UNUSED_VARIABLE = YES;
				IPHONEOS_DEPLOYMENT_TARGET = 9.3;
				MTL_ENABLE_DEBUG_INFO = NO;
				SDKROOT = iphoneos;
				VALIDATE_PRODUCT = YES;
			};
			name = Release;
		};
		633311DF1D06105600D7CFDE /* Debug */ = {
			isa = XCBuildConfiguration;
			buildSettings = {
				ASSETCATALOG_COMPILER_APPICON_NAME = AppIcon;
				CODE_SIGN_IDENTITY = "iPhone Developer";
				"CODE_SIGN_IDENTITY[sdk=iphoneos*]" = "iPhone Developer";
				INFOPLIST_FILE = BeFriend/Info.plist;
				LD_RUNPATH_SEARCH_PATHS = "$(inherited) @executable_path/Frameworks";
				PRODUCT_BUNDLE_IDENTIFIER = com.daooyoo.BeFriend;
				PRODUCT_NAME = "$(TARGET_NAME)";
				PROVISIONING_PROFILE = "";
			};
			name = Debug;
		};
		633311E01D06105600D7CFDE /* Release */ = {
			isa = XCBuildConfiguration;
			buildSettings = {
				ASSETCATALOG_COMPILER_APPICON_NAME = AppIcon;
				CODE_SIGN_IDENTITY = "iPhone Developer";
				"CODE_SIGN_IDENTITY[sdk=iphoneos*]" = "iPhone Developer";
				INFOPLIST_FILE = BeFriend/Info.plist;
				LD_RUNPATH_SEARCH_PATHS = "$(inherited) @executable_path/Frameworks";
				PRODUCT_BUNDLE_IDENTIFIER = com.daooyoo.BeFriend;
				PRODUCT_NAME = "$(TARGET_NAME)";
				PROVISIONING_PROFILE = "";
			};
			name = Release;
		};
		633311E21D06105600D7CFDE /* Debug */ = {
			isa = XCBuildConfiguration;
			buildSettings = {
				BUNDLE_LOADER = "$(TEST_HOST)";
				INFOPLIST_FILE = BeFriendTests/Info.plist;
				LD_RUNPATH_SEARCH_PATHS = "$(inherited) @executable_path/Frameworks @loader_path/Frameworks";
				PRODUCT_BUNDLE_IDENTIFIER = com.daooyoo.BeFriendTests;
				PRODUCT_NAME = "$(TARGET_NAME)";
				TEST_HOST = "$(BUILT_PRODUCTS_DIR)/BeFriend.app/BeFriend";
			};
			name = Debug;
		};
		633311E31D06105600D7CFDE /* Release */ = {
			isa = XCBuildConfiguration;
			buildSettings = {
				BUNDLE_LOADER = "$(TEST_HOST)";
				INFOPLIST_FILE = BeFriendTests/Info.plist;
				LD_RUNPATH_SEARCH_PATHS = "$(inherited) @executable_path/Frameworks @loader_path/Frameworks";
				PRODUCT_BUNDLE_IDENTIFIER = com.daooyoo.BeFriendTests;
				PRODUCT_NAME = "$(TARGET_NAME)";
				TEST_HOST = "$(BUILT_PRODUCTS_DIR)/BeFriend.app/BeFriend";
			};
			name = Release;
		};
		633311E51D06105600D7CFDE /* Debug */ = {
			isa = XCBuildConfiguration;
			buildSettings = {
				INFOPLIST_FILE = BeFriendUITests/Info.plist;
				LD_RUNPATH_SEARCH_PATHS = "$(inherited) @executable_path/Frameworks @loader_path/Frameworks";
				PRODUCT_BUNDLE_IDENTIFIER = com.daooyoo.BeFriendUITests;
				PRODUCT_NAME = "$(TARGET_NAME)";
				TEST_TARGET_NAME = BeFriend;
			};
			name = Debug;
		};
		633311E61D06105600D7CFDE /* Release */ = {
			isa = XCBuildConfiguration;
			buildSettings = {
				INFOPLIST_FILE = BeFriendUITests/Info.plist;
				LD_RUNPATH_SEARCH_PATHS = "$(inherited) @executable_path/Frameworks @loader_path/Frameworks";
				PRODUCT_BUNDLE_IDENTIFIER = com.daooyoo.BeFriendUITests;
				PRODUCT_NAME = "$(TARGET_NAME)";
				TEST_TARGET_NAME = BeFriend;
			};
			name = Release;
		};
/* End XCBuildConfiguration section */

/* Begin XCConfigurationList section */
		633311AE1D06105600D7CFDE /* Build configuration list for PBXProject "BeFriend" */ = {
			isa = XCConfigurationList;
			buildConfigurations = (
				633311DC1D06105600D7CFDE /* Debug */,
				633311DD1D06105600D7CFDE /* Release */,
			);
			defaultConfigurationIsVisible = 0;
			defaultConfigurationName = Release;
		};
		633311DE1D06105600D7CFDE /* Build configuration list for PBXNativeTarget "BeFriend" */ = {
			isa = XCConfigurationList;
			buildConfigurations = (
				633311DF1D06105600D7CFDE /* Debug */,
				633311E01D06105600D7CFDE /* Release */,
			);
			defaultConfigurationIsVisible = 0;
			defaultConfigurationName = Release;
		};
		633311E11D06105600D7CFDE /* Build configuration list for PBXNativeTarget "BeFriendTests" */ = {
			isa = XCConfigurationList;
			buildConfigurations = (
				633311E21D06105600D7CFDE /* Debug */,
				633311E31D06105600D7CFDE /* Release */,
			);
			defaultConfigurationIsVisible = 0;
			defaultConfigurationName = Release;
		};
		633311E41D06105600D7CFDE /* Build configuration list for PBXNativeTarget "BeFriendUITests" */ = {
			isa = XCConfigurationList;
			buildConfigurations = (
				633311E51D06105600D7CFDE /* Debug */,
				633311E61D06105600D7CFDE /* Release */,
			);
			defaultConfigurationIsVisible = 0;
			defaultConfigurationName = Release;
		};
/* End XCConfigurationList section */

/* Begin XCVersionGroup section */
		633311BD1D06105600D7CFDE /* BeFriend.xcdatamodeld */ = {
			isa = XCVersionGroup;
			children = (
				633311BE1D06105600D7CFDE /* BeFriend.xcdatamodel */,
			);
			currentVersion = 633311BE1D06105600D7CFDE /* BeFriend.xcdatamodel */;
			path = BeFriend.xcdatamodeld;
			sourceTree = "<group>";
			versionGroupType = wrapper.xcdatamodel;
		};
/* End XCVersionGroup section */
	};
	rootObject = 633311AB1D06105600D7CFDE /* Project object */;
}
